
Microsoft Visual Studio Solution File, Format Version 12.00
# Visual Studio Version 16
VisualStudioVersion = 16.0.29306.81
MinimumVisualStudioVersion = 10.0.40219.1
Project("{FAE04EC0-301F-11D3-BF4B-00C04F79EFBC}") = "practica9", "practica9\practica9.csproj", "{35BDA0FD-198A-4203-AF2D-C16FF2018F6C}"
EndProject
Global
	GlobalSection(SolutionConfigurationPlatforms) = preSolution
		Debug|Any CPU = Debug|Any CPU
		Release|Any CPU = Release|Any CPU
	EndGlobalSection
	GlobalSection(ProjectConfigurationPlatforms) = postSolution
		{35BDA0FD-198A-4203-AF2D-C16FF2018F6C}.Debug|Any CPU.ActiveCfg = Debug|Any CPU
		{35BDA0FD-198A-4203-AF2D-C16FF2018F6C}.Debug|Any CPU.Build.0 = Debug|Any CPU
		{35BDA0FD-198A-4203-AF2D-C16FF2018F6C}.Release|Any CPU.ActiveCfg = Release|Any CPU
		{35BDA0FD-198A-4203-AF2D-C16FF2018F6C}.Release|Any CPU.Build.0 = Release|Any CPU
	EndGlobalSection
	GlobalSection(SolutionProperties) = preSolution
		HideSolutionNode = FALSE
	EndGlobalSection
	GlobalSection(ExtensibilityGlobals) = postSolution
		SolutionGuid = {E85FD1B9-BE5A-4D38-B89A-32551AC3FED6}
	EndGlobalSection
EndGlobal
